
Microsoft Visual Studio Solution File, Format Version 12.00
# Visual Studio 2012
Project("{FAE04EC0-301F-11D3-BF4B-00C04F79EFBC}") = "D00546005MidtermProject", "D00546005Assignment04\D00546005MidtermProject.csproj", "{C1654EDA-5611-4DC3-86BC-4E182E65F760}"
EndProject
Project("{FAE04EC0-301F-11D3-BF4B-00C04F79EFBC}") = "BankService", "BankService\BankService.csproj", "{1FB55AB6-F134-451E-8E7D-C35EBD94AEE2}"
EndProject
Global
	GlobalSection(SolutionConfigurationPlatforms) = preSolution
		Debug|Any CPU = Debug|Any CPU
		Release|Any CPU = Release|Any CPU
	EndGlobalSection
	GlobalSection(ProjectConfigurationPlatforms) = postSolution
		{C1654EDA-5611-4DC3-86BC-4E182E65F760}.Debug|Any CPU.ActiveCfg = Debug|Any CPU
		{C1654EDA-5611-4DC3-86BC-4E182E65F760}.Debug|Any CPU.Build.0 = Debug|Any CPU
		{C1654EDA-5611-4DC3-86BC-4E182E65F760}.Release|Any CPU.ActiveCfg = Release|Any CPU
		{C1654EDA-5611-4DC3-86BC-4E182E65F760}.Release|Any CPU.Build.0 = Release|Any CPU
		{1FB55AB6-F134-451E-8E7D-C35EBD94AEE2}.Debug|Any CPU.ActiveCfg = Debug|Any CPU
		{1FB55AB6-F134-451E-8E7D-C35EBD94AEE2}.Debug|Any CPU.Build.0 = Debug|Any CPU
		{1FB55AB6-F134-451E-8E7D-C35EBD94AEE2}.Release|Any CPU.ActiveCfg = Release|Any CPU
		{1FB55AB6-F134-451E-8E7D-C35EBD94AEE2}.Release|Any CPU.Build.0 = Release|Any CPU
	EndGlobalSection
	GlobalSection(SolutionProperties) = preSolution
		HideSolutionNode = FALSE
	EndGlobalSection
EndGlobal
